
Microsoft Visual Studio Solution File, Format Version 11.00
# Visual Studio 2010
# SharpDevelop 5.0
Project("{FAE04EC0-301F-11D3-BF4B-00C04F79EFBC}") = "AboHelper", "AboHelper\AboHelper.csproj", "{CC525332-B100-4431-A325-DF431921898A}"
EndProject
Project("{FAE04EC0-301F-11D3-BF4B-00C04F79EFBC}") = "ColorTest", "ColorTest\ColorTest.csproj", "{9927DDCB-8EB2-4B64-87CF-F402AB373946}"
EndProject
Project("{FAE04EC0-301F-11D3-BF4B-00C04F79EFBC}") = "DataServer", "DataServer\DataServer.csproj", "{62F21F42-2E37-48D2-8ED4-73D9BCFE1CB8}"
EndProject
Project("{FAE04EC0-301F-11D3-BF4B-00C04F79EFBC}") = "DataClient", "DataClient\DataClient.csproj", "{FC500F2C-A615-403B-A046-621C4C167E86}"
EndProject
Global
	GlobalSection(SolutionConfigurationPlatforms) = preSolution
		Debug|Any CPU = Debug|Any CPU
		Release|Any CPU = Release|Any CPU
	EndGlobalSection
	GlobalSection(ProjectConfigurationPlatforms) = postSolution
		{CC525332-B100-4431-A325-DF431921898A}.Debug|Any CPU.ActiveCfg = Debug|Any CPU
		{CC525332-B100-4431-A325-DF431921898A}.Debug|Any CPU.Build.0 = Debug|Any CPU
		{CC525332-B100-4431-A325-DF431921898A}.Release|Any CPU.ActiveCfg = Release|Any CPU
		{CC525332-B100-4431-A325-DF431921898A}.Release|Any CPU.Build.0 = Release|Any CPU
		{9927DDCB-8EB2-4B64-87CF-F402AB373946}.Debug|Any CPU.ActiveCfg = Debug|Any CPU
		{9927DDCB-8EB2-4B64-87CF-F402AB373946}.Debug|Any CPU.Build.0 = Debug|Any CPU
		{9927DDCB-8EB2-4B64-87CF-F402AB373946}.Release|Any CPU.ActiveCfg = Release|Any CPU
		{9927DDCB-8EB2-4B64-87CF-F402AB373946}.Release|Any CPU.Build.0 = Release|Any CPU
		{62F21F42-2E37-48D2-8ED4-73D9BCFE1CB8}.Debug|Any CPU.ActiveCfg = Debug|Any CPU
		{62F21F42-2E37-48D2-8ED4-73D9BCFE1CB8}.Debug|Any CPU.Build.0 = Debug|Any CPU
		{62F21F42-2E37-48D2-8ED4-73D9BCFE1CB8}.Release|Any CPU.ActiveCfg = Release|Any CPU
		{62F21F42-2E37-48D2-8ED4-73D9BCFE1CB8}.Release|Any CPU.Build.0 = Release|Any CPU
		{FC500F2C-A615-403B-A046-621C4C167E86}.Debug|Any CPU.ActiveCfg = Debug|Any CPU
		{FC500F2C-A615-403B-A046-621C4C167E86}.Debug|Any CPU.Build.0 = Debug|Any CPU
		{FC500F2C-A615-403B-A046-621C4C167E86}.Release|Any CPU.ActiveCfg = Release|Any CPU
		{FC500F2C-A615-403B-A046-621C4C167E86}.Release|Any CPU.Build.0 = Release|Any CPU
	EndGlobalSection
EndGlobal
