
Microsoft Visual Studio Solution File, Format Version 11.00
# Visual Studio 2010
# SharpDevelop 5.0
Project("{FAE04EC0-301F-11D3-BF4B-00C04F79EFBC}") = "AboHelper", "AboHelper\AboHelper.csproj", "{CC525332-B100-4431-A325-DF431921898A}"
EndProject
Project("{FAE04EC0-301F-11D3-BF4B-00C04F79EFBC}") = "ColorTest", "ColorTest\ColorTest.csproj", "{9927DDCB-8EB2-4B64-87CF-F402AB373946}"
EndProject
Project("{FAE04EC0-301F-11D3-BF4B-00C04F79EFBC}") = "DataServer", "DataServer\DataServer.csproj", "{423034B0-6CAC-4839-92F7-E8D9EB95004A}"
EndProject
Project("{FAE04EC0-301F-11D3-BF4B-00C04F79EFBC}") = "DataClient", "DataClient\DataClient.csproj", "{46B50947-5CE6-446E-9E01-4A71856EAABC}"
EndProject
Project("{2150E333-8FDC-42A3-9474-1A3956D46DE8}") = "Lib", "Lib", "{457DA4FB-60C1-4B83-86D4-06CB4E23767A}"
	ProjectSection(SolutionItems) = preProject
		..\..\SharpLibraries\SharpGenLib.cs = ..\..\SharpLibraries\SharpGenLib.cs
		..\..\SharpLibraries\SharpNetServers.cs = ..\..\SharpLibraries\SharpNetServers.cs
		..\..\SharpLibraries\SharpObj.cs = ..\..\SharpLibraries\SharpObj.cs
		..\..\SharpLibraries\SharpUtils.cs = ..\..\SharpLibraries\SharpUtils.cs
		..\..\SharpLibraries\SilverWave.cs = ..\..\SharpLibraries\SilverWave.cs
		..\..\SharpLibraries\TotalDataSerializations.cs = ..\..\SharpLibraries\TotalDataSerializations.cs
		..\..\SharpLibraries\TotalNetDataClient.cs = ..\..\SharpLibraries\TotalNetDataClient.cs
		..\..\SharpLibraries\TotalNetDataServer.cs = ..\..\SharpLibraries\TotalNetDataServer.cs
	EndProjectSection
EndProject
Global
	GlobalSection(SolutionConfigurationPlatforms) = preSolution
		Debug|Any CPU = Debug|Any CPU
		Release|Any CPU = Release|Any CPU
	EndGlobalSection
	GlobalSection(ProjectConfigurationPlatforms) = postSolution
		{CC525332-B100-4431-A325-DF431921898A}.Debug|Any CPU.ActiveCfg = Debug|Any CPU
		{CC525332-B100-4431-A325-DF431921898A}.Debug|Any CPU.Build.0 = Debug|Any CPU
		{CC525332-B100-4431-A325-DF431921898A}.Release|Any CPU.ActiveCfg = Release|Any CPU
		{CC525332-B100-4431-A325-DF431921898A}.Release|Any CPU.Build.0 = Release|Any CPU
		{9927DDCB-8EB2-4B64-87CF-F402AB373946}.Debug|Any CPU.ActiveCfg = Debug|Any CPU
		{9927DDCB-8EB2-4B64-87CF-F402AB373946}.Debug|Any CPU.Build.0 = Debug|Any CPU
		{9927DDCB-8EB2-4B64-87CF-F402AB373946}.Release|Any CPU.ActiveCfg = Release|Any CPU
		{9927DDCB-8EB2-4B64-87CF-F402AB373946}.Release|Any CPU.Build.0 = Release|Any CPU
		{423034B0-6CAC-4839-92F7-E8D9EB95004A}.Debug|Any CPU.ActiveCfg = Debug|Any CPU
		{423034B0-6CAC-4839-92F7-E8D9EB95004A}.Debug|Any CPU.Build.0 = Debug|Any CPU
		{423034B0-6CAC-4839-92F7-E8D9EB95004A}.Release|Any CPU.ActiveCfg = Release|Any CPU
		{423034B0-6CAC-4839-92F7-E8D9EB95004A}.Release|Any CPU.Build.0 = Release|Any CPU
		{46B50947-5CE6-446E-9E01-4A71856EAABC}.Debug|Any CPU.ActiveCfg = Debug|Any CPU
		{46B50947-5CE6-446E-9E01-4A71856EAABC}.Debug|Any CPU.Build.0 = Debug|Any CPU
		{46B50947-5CE6-446E-9E01-4A71856EAABC}.Release|Any CPU.ActiveCfg = Release|Any CPU
		{46B50947-5CE6-446E-9E01-4A71856EAABC}.Release|Any CPU.Build.0 = Release|Any CPU
	EndGlobalSection
EndGlobal
